
Microsoft Visual Studio Solution File, Format Version 12.00
# Visual Studio Version 16
VisualStudioVersion = 16.0.30804.86
MinimumVisualStudioVersion = 10.0.40219.1
Project("{9A19103F-16F7-4668-BE54-9A1E7A4F7556}") = "ConsoleApp", "ConsoleApp\ConsoleApp.csproj", "{FB3AD167-DB20-4F12-863B-624220596FC1}"
EndProject
Project("{9A19103F-16F7-4668-BE54-9A1E7A4F7556}") = "MIMP.Window", "MIMP.Window\MIMP.Window.csproj", "{18CFCF5E-DF05-4F29-B063-583A08764659}"
EndProject
Project("{9A19103F-16F7-4668-BE54-9A1E7A4F7556}") = "MIMP.OperatingSystem", "MIMP.OperatingSystem\MIMP.OperatingSystem.csproj", "{0A82157D-D644-4182-B7CB-E2BB8397F5BA}"
EndProject
Project("{9A19103F-16F7-4668-BE54-9A1E7A4F7556}") = "MIMP.OperatingSystem.Windows.Keyboard", "MIMP.OperatingSystem.Windows.Keyboard\MIMP.OperatingSystem.Windows.Keyboard.csproj", "{F32BB081-AE6A-4C2F-A1FD-DD9AF221AE68}"
EndProject
Project("{2150E333-8FDC-42A3-9474-1A3956D46DE8}") = "OperatingSystem", "OperatingSystem", "{EC5658F1-95B8-4ECA-91DA-B357782BDDF0}"
EndProject
Project("{2150E333-8FDC-42A3-9474-1A3956D46DE8}") = "_Test", "_Test", "{87DD7933-45F6-4817-8568-19F3F0C9B8F7}"
EndProject
Project("{9A19103F-16F7-4668-BE54-9A1E7A4F7556}") = "MIMP.OperatingSystem.Windows.Hook", "MIMP.OperatingSystem.Windows.Hook\MIMP.OperatingSystem.Windows.Hook.csproj", "{7982FA36-1D7B-4D41-AD2D-6637F6704CA3}"
EndProject
Project("{9A19103F-16F7-4668-BE54-9A1E7A4F7556}") = "MIMP.OperatingSystem.Windows.Mouse", "MIMP.OperatingSystem.Windows.Mouse\MIMP.OperatingSystem.Windows.Mouse.csproj", "{DF6ED687-B5C3-4BE2-9A19-2B4E99627C6F}"
EndProject
Project("{9A19103F-16F7-4668-BE54-9A1E7A4F7556}") = "MIMP.OperatingSystem.Windows.Window", "MIMP.OperatingSystem.Windows.Window\MIMP.OperatingSystem.Windows.Window.csproj", "{E6DFF064-A91D-4712-A3BF-ED0086801AAC}"
EndProject
Project("{9A19103F-16F7-4668-BE54-9A1E7A4F7556}") = "MIMP.OperatingSystem.Windows.Desktop", "MIMP.OperatingSystem.Windows.Desktop\MIMP.OperatingSystem.Windows.Desktop.csproj", "{62524AC7-74B5-499A-A997-07A0A3D6C378}"
EndProject
Project("{9A19103F-16F7-4668-BE54-9A1E7A4F7556}") = "MIMP.OperatingSystem.Windows.VirtualDesktop", "MIMP.OperatingSystem.Windows.VirtualDesktop\MIMP.OperatingSystem.Windows.VirtualDesktop.csproj", "{D048F86B-DBC1-45C0-9545-84B5B24D660B}"
EndProject
Project("{9A19103F-16F7-4668-BE54-9A1E7A4F7556}") = "MIMP.OperatingSystem.Windows.Native", "MIMP.OperatingSystem.Windows.Native\MIMP.OperatingSystem.Windows.Native.csproj", "{64660FD1-BFDC-426C-A83E-7ED6EFB7C131}"
EndProject
Project("{9A19103F-16F7-4668-BE54-9A1E7A4F7556}") = "MIMP.OperatingSystem.Windows.Interop", "MIMP.OperatingSystem.Windows.Interop\MIMP.OperatingSystem.Windows.Interop.csproj", "{6D69063F-802D-4160-B4DD-3D042F1AC44B}"
EndProject
Project("{9A19103F-16F7-4668-BE54-9A1E7A4F7556}") = "MIMP.OperatingSystem.Windows.Interop.VirtualDesktop", "MIMP.OperatingSystem.Windows.Interop.VirtualDesktop\MIMP.OperatingSystem.Windows.Interop.VirtualDesktop.csproj", "{419EE702-A853-4DB4-A55A-C9602E414F10}"
EndProject
Project("{9A19103F-16F7-4668-BE54-9A1E7A4F7556}") = "MIMP.OperatingSystem.Windows.Registry", "MIMP.OperatingSystem.Windows.Registry\MIMP.OperatingSystem.Windows.Registry.csproj", "{7F63D1D6-5498-4247-86CA-023D070AF780}"
EndProject
Project("{9A19103F-16F7-4668-BE54-9A1E7A4F7556}") = "MIMP.OperatingSystem.Windows.Message", "MIMP.OperatingSystem.Windows.Message\MIMP.OperatingSystem.Windows.Message.csproj", "{0D5AC954-44E7-4014-AB60-86DE84955E38}"
EndProject
Project("{9A19103F-16F7-4668-BE54-9A1E7A4F7556}") = "MIMP.OperatingSystem.Windows.Screen", "MIMP.OperatingSystem.Windows.Screen\MIMP.OperatingSystem.Windows.Screen.csproj", "{76D86660-F460-414B-8A9B-1859177232A1}"
EndProject
Project("{9A19103F-16F7-4668-BE54-9A1E7A4F7556}") = "HookConsoleDemo", "HookConsoleDemo\HookConsoleDemo.csproj", "{9D660848-D4BE-4BA0-A16B-683BD51E01E2}"
EndProject
Project("{9A19103F-16F7-4668-BE54-9A1E7A4F7556}") = "MIMP.OperatingSystem.Windows.HotKey", "MIMP.OperatingSystem.Windows.HotKey\MIMP.OperatingSystem.Windows.HotKey.csproj", "{E06DFF5A-F8CD-479B-90F9-88C83916788D}"
EndProject
Project("{2150E333-8FDC-42A3-9474-1A3956D46DE8}") = "WIMP", "WIMP", "{F49512A0-D42B-4C37-9BEA-B2E0CC26A10F}"
EndProject
Project("{2150E333-8FDC-42A3-9474-1A3956D46DE8}") = "Windows", "Windows", "{FAB079CA-8953-4191-B1D4-6F503710B5EB}"
EndProject
Project("{9A19103F-16F7-4668-BE54-9A1E7A4F7556}") = "MIMP.WIMP.WPF", "MIMP.WIMP.WPF\MIMP.WIMP.WPF.csproj", "{CEDAE1CD-5A2C-4D5E-A28B-66624BA949BA}"
EndProject
Project("{9A19103F-16F7-4668-BE54-9A1E7A4F7556}") = "MIMP.WIMP", "MIMP.WIMP\MIMP.WIMP.csproj", "{3611D20B-1D47-4DE8-A3A6-FCCEA04549A5}"
EndProject
Project("{9A19103F-16F7-4668-BE54-9A1E7A4F7556}") = "MIMP.Input", "MIMP.Input\MIMP.Input.csproj", "{3A5AF6B5-48E1-49E6-B9AA-221512007A7D}"
EndProject
Project("{2150E333-8FDC-42A3-9474-1A3956D46DE8}") = "_Solution Items", "_Solution Items", "{6BDBF749-849A-4A6A-8EAB-993A4DA0AA00}"
	ProjectSection(SolutionItems) = preProject
		icon.ico = icon.ico
		icon.png = icon.png
		icon.svg = icon.svg
		..\LICENSE = ..\LICENSE
		..\ReadMe.md = ..\ReadMe.md
	EndProjectSection
EndProject
Project("{9A19103F-16F7-4668-BE54-9A1E7A4F7556}") = "MIMP.Log", "MIMP.Log\MIMP.Log.csproj", "{1639FA75-E20D-494D-8681-B18D2AE30CD2}"
EndProject
Project("{9A19103F-16F7-4668-BE54-9A1E7A4F7556}") = "MIMP.SeeSharper", "MIMP.SeeSharper\MIMP.SeeSharper.csproj", "{94CD8DA6-7BB8-43F7-B78D-235BB2D53EA0}"
EndProject
Project("{9A19103F-16F7-4668-BE54-9A1E7A4F7556}") = "MIMP.SeeSharper.Events", "MIMP.SeeSharper.Events\MIMP.SeeSharper.Events.csproj", "{FC6A97DD-2D11-420B-814F-B5178D0BFFC0}"
EndProject
Global
	GlobalSection(SolutionConfigurationPlatforms) = preSolution
		Debug|Any CPU = Debug|Any CPU
		Release|Any CPU = Release|Any CPU
	EndGlobalSection
	GlobalSection(ProjectConfigurationPlatforms) = postSolution
		{FB3AD167-DB20-4F12-863B-624220596FC1}.Debug|Any CPU.ActiveCfg = Debug|Any CPU
		{FB3AD167-DB20-4F12-863B-624220596FC1}.Debug|Any CPU.Build.0 = Debug|Any CPU
		{FB3AD167-DB20-4F12-863B-624220596FC1}.Release|Any CPU.ActiveCfg = Release|Any CPU
		{FB3AD167-DB20-4F12-863B-624220596FC1}.Release|Any CPU.Build.0 = Release|Any CPU
		{18CFCF5E-DF05-4F29-B063-583A08764659}.Debug|Any CPU.ActiveCfg = Debug|Any CPU
		{18CFCF5E-DF05-4F29-B063-583A08764659}.Debug|Any CPU.Build.0 = Debug|Any CPU
		{18CFCF5E-DF05-4F29-B063-583A08764659}.Release|Any CPU.ActiveCfg = Release|Any CPU
		{18CFCF5E-DF05-4F29-B063-583A08764659}.Release|Any CPU.Build.0 = Release|Any CPU
		{0A82157D-D644-4182-B7CB-E2BB8397F5BA}.Debug|Any CPU.ActiveCfg = Debug|Any CPU
		{0A82157D-D644-4182-B7CB-E2BB8397F5BA}.Debug|Any CPU.Build.0 = Debug|Any CPU
		{0A82157D-D644-4182-B7CB-E2BB8397F5BA}.Release|Any CPU.ActiveCfg = Release|Any CPU
		{0A82157D-D644-4182-B7CB-E2BB8397F5BA}.Release|Any CPU.Build.0 = Release|Any CPU
		{F32BB081-AE6A-4C2F-A1FD-DD9AF221AE68}.Debug|Any CPU.ActiveCfg = Debug|Any CPU
		{F32BB081-AE6A-4C2F-A1FD-DD9AF221AE68}.Debug|Any CPU.Build.0 = Debug|Any CPU
		{F32BB081-AE6A-4C2F-A1FD-DD9AF221AE68}.Release|Any CPU.ActiveCfg = Release|Any CPU
		{F32BB081-AE6A-4C2F-A1FD-DD9AF221AE68}.Release|Any CPU.Build.0 = Release|Any CPU
		{7982FA36-1D7B-4D41-AD2D-6637F6704CA3}.Debug|Any CPU.ActiveCfg = Debug|Any CPU
		{7982FA36-1D7B-4D41-AD2D-6637F6704CA3}.Debug|Any CPU.Build.0 = Debug|Any CPU
		{7982FA36-1D7B-4D41-AD2D-6637F6704CA3}.Release|Any CPU.ActiveCfg = Release|Any CPU
		{7982FA36-1D7B-4D41-AD2D-6637F6704CA3}.Release|Any CPU.Build.0 = Release|Any CPU
		{DF6ED687-B5C3-4BE2-9A19-2B4E99627C6F}.Debug|Any CPU.ActiveCfg = Debug|Any CPU
		{DF6ED687-B5C3-4BE2-9A19-2B4E99627C6F}.Debug|Any CPU.Build.0 = Debug|Any CPU
		{DF6ED687-B5C3-4BE2-9A19-2B4E99627C6F}.Release|Any CPU.ActiveCfg = Release|Any CPU
		{DF6ED687-B5C3-4BE2-9A19-2B4E99627C6F}.Release|Any CPU.Build.0 = Release|Any CPU
		{E6DFF064-A91D-4712-A3BF-ED0086801AAC}.Debug|Any CPU.ActiveCfg = Debug|Any CPU
		{E6DFF064-A91D-4712-A3BF-ED0086801AAC}.Debug|Any CPU.Build.0 = Debug|Any CPU
		{E6DFF064-A91D-4712-A3BF-ED0086801AAC}.Release|Any CPU.ActiveCfg = Release|Any CPU
		{E6DFF064-A91D-4712-A3BF-ED0086801AAC}.Release|Any CPU.Build.0 = Release|Any CPU
		{62524AC7-74B5-499A-A997-07A0A3D6C378}.Debug|Any CPU.ActiveCfg = Debug|Any CPU
		{62524AC7-74B5-499A-A997-07A0A3D6C378}.Debug|Any CPU.Build.0 = Debug|Any CPU
		{62524AC7-74B5-499A-A997-07A0A3D6C378}.Release|Any CPU.ActiveCfg = Release|Any CPU
		{62524AC7-74B5-499A-A997-07A0A3D6C378}.Release|Any CPU.Build.0 = Release|Any CPU
		{D048F86B-DBC1-45C0-9545-84B5B24D660B}.Debug|Any CPU.ActiveCfg = Debug|Any CPU
		{D048F86B-DBC1-45C0-9545-84B5B24D660B}.Debug|Any CPU.Build.0 = Debug|Any CPU
		{D048F86B-DBC1-45C0-9545-84B5B24D660B}.Release|Any CPU.ActiveCfg = Release|Any CPU
		{D048F86B-DBC1-45C0-9545-84B5B24D660B}.Release|Any CPU.Build.0 = Release|Any CPU
		{64660FD1-BFDC-426C-A83E-7ED6EFB7C131}.Debug|Any CPU.ActiveCfg = Debug|Any CPU
		{64660FD1-BFDC-426C-A83E-7ED6EFB7C131}.Debug|Any CPU.Build.0 = Debug|Any CPU
		{64660FD1-BFDC-426C-A83E-7ED6EFB7C131}.Release|Any CPU.ActiveCfg = Release|Any CPU
		{64660FD1-BFDC-426C-A83E-7ED6EFB7C131}.Release|Any CPU.Build.0 = Release|Any CPU
		{6D69063F-802D-4160-B4DD-3D042F1AC44B}.Debug|Any CPU.ActiveCfg = Debug|Any CPU
		{6D69063F-802D-4160-B4DD-3D042F1AC44B}.Debug|Any CPU.Build.0 = Debug|Any CPU
		{6D69063F-802D-4160-B4DD-3D042F1AC44B}.Release|Any CPU.ActiveCfg = Release|Any CPU
		{6D69063F-802D-4160-B4DD-3D042F1AC44B}.Release|Any CPU.Build.0 = Release|Any CPU
		{419EE702-A853-4DB4-A55A-C9602E414F10}.Debug|Any CPU.ActiveCfg = Debug|Any CPU
		{419EE702-A853-4DB4-A55A-C9602E414F10}.Debug|Any CPU.Build.0 = Debug|Any CPU
		{419EE702-A853-4DB4-A55A-C9602E414F10}.Release|Any CPU.ActiveCfg = Release|Any CPU
		{419EE702-A853-4DB4-A55A-C9602E414F10}.Release|Any CPU.Build.0 = Release|Any CPU
		{7F63D1D6-5498-4247-86CA-023D070AF780}.Debug|Any CPU.ActiveCfg = Debug|Any CPU
		{7F63D1D6-5498-4247-86CA-023D070AF780}.Debug|Any CPU.Build.0 = Debug|Any CPU
		{7F63D1D6-5498-4247-86CA-023D070AF780}.Release|Any CPU.ActiveCfg = Release|Any CPU
		{7F63D1D6-5498-4247-86CA-023D070AF780}.Release|Any CPU.Build.0 = Release|Any CPU
		{0D5AC954-44E7-4014-AB60-86DE84955E38}.Debug|Any CPU.ActiveCfg = Debug|Any CPU
		{0D5AC954-44E7-4014-AB60-86DE84955E38}.Debug|Any CPU.Build.0 = Debug|Any CPU
		{0D5AC954-44E7-4014-AB60-86DE84955E38}.Release|Any CPU.ActiveCfg = Release|Any CPU
		{0D5AC954-44E7-4014-AB60-86DE84955E38}.Release|Any CPU.Build.0 = Release|Any CPU
		{76D86660-F460-414B-8A9B-1859177232A1}.Debug|Any CPU.ActiveCfg = Debug|Any CPU
		{76D86660-F460-414B-8A9B-1859177232A1}.Debug|Any CPU.Build.0 = Debug|Any CPU
		{76D86660-F460-414B-8A9B-1859177232A1}.Release|Any CPU.ActiveCfg = Release|Any CPU
		{76D86660-F460-414B-8A9B-1859177232A1}.Release|Any CPU.Build.0 = Release|Any CPU
		{9D660848-D4BE-4BA0-A16B-683BD51E01E2}.Debug|Any CPU.ActiveCfg = Debug|Any CPU
		{9D660848-D4BE-4BA0-A16B-683BD51E01E2}.Debug|Any CPU.Build.0 = Debug|Any CPU
		{9D660848-D4BE-4BA0-A16B-683BD51E01E2}.Release|Any CPU.ActiveCfg = Release|Any CPU
		{9D660848-D4BE-4BA0-A16B-683BD51E01E2}.Release|Any CPU.Build.0 = Release|Any CPU
		{E06DFF5A-F8CD-479B-90F9-88C83916788D}.Debug|Any CPU.ActiveCfg = Debug|Any CPU
		{E06DFF5A-F8CD-479B-90F9-88C83916788D}.Debug|Any CPU.Build.0 = Debug|Any CPU
		{E06DFF5A-F8CD-479B-90F9-88C83916788D}.Release|Any CPU.ActiveCfg = Release|Any CPU
		{E06DFF5A-F8CD-479B-90F9-88C83916788D}.Release|Any CPU.Build.0 = Release|Any CPU
		{CEDAE1CD-5A2C-4D5E-A28B-66624BA949BA}.Debug|Any CPU.ActiveCfg = Debug|Any CPU
		{CEDAE1CD-5A2C-4D5E-A28B-66624BA949BA}.Debug|Any CPU.Build.0 = Debug|Any CPU
		{CEDAE1CD-5A2C-4D5E-A28B-66624BA949BA}.Release|Any CPU.ActiveCfg = Release|Any CPU
		{CEDAE1CD-5A2C-4D5E-A28B-66624BA949BA}.Release|Any CPU.Build.0 = Release|Any CPU
		{3611D20B-1D47-4DE8-A3A6-FCCEA04549A5}.Debug|Any CPU.ActiveCfg = Debug|Any CPU
		{3611D20B-1D47-4DE8-A3A6-FCCEA04549A5}.Debug|Any CPU.Build.0 = Debug|Any CPU
		{3611D20B-1D47-4DE8-A3A6-FCCEA04549A5}.Release|Any CPU.ActiveCfg = Release|Any CPU
		{3611D20B-1D47-4DE8-A3A6-FCCEA04549A5}.Release|Any CPU.Build.0 = Release|Any CPU
		{3A5AF6B5-48E1-49E6-B9AA-221512007A7D}.Debug|Any CPU.ActiveCfg = Debug|Any CPU
		{3A5AF6B5-48E1-49E6-B9AA-221512007A7D}.Debug|Any CPU.Build.0 = Debug|Any CPU
		{3A5AF6B5-48E1-49E6-B9AA-221512007A7D}.Release|Any CPU.ActiveCfg = Release|Any CPU
		{3A5AF6B5-48E1-49E6-B9AA-221512007A7D}.Release|Any CPU.Build.0 = Release|Any CPU
		{1639FA75-E20D-494D-8681-B18D2AE30CD2}.Debug|Any CPU.ActiveCfg = Debug|Any CPU
		{1639FA75-E20D-494D-8681-B18D2AE30CD2}.Debug|Any CPU.Build.0 = Debug|Any CPU
		{1639FA75-E20D-494D-8681-B18D2AE30CD2}.Release|Any CPU.ActiveCfg = Release|Any CPU
		{1639FA75-E20D-494D-8681-B18D2AE30CD2}.Release|Any CPU.Build.0 = Release|Any CPU
		{94CD8DA6-7BB8-43F7-B78D-235BB2D53EA0}.Debug|Any CPU.ActiveCfg = Debug|Any CPU
		{94CD8DA6-7BB8-43F7-B78D-235BB2D53EA0}.Debug|Any CPU.Build.0 = Debug|Any CPU
		{94CD8DA6-7BB8-43F7-B78D-235BB2D53EA0}.Release|Any CPU.ActiveCfg = Release|Any CPU
		{94CD8DA6-7BB8-43F7-B78D-235BB2D53EA0}.Release|Any CPU.Build.0 = Release|Any CPU
		{FC6A97DD-2D11-420B-814F-B5178D0BFFC0}.Debug|Any CPU.ActiveCfg = Debug|Any CPU
		{FC6A97DD-2D11-420B-814F-B5178D0BFFC0}.Debug|Any CPU.Build.0 = Debug|Any CPU
		{FC6A97DD-2D11-420B-814F-B5178D0BFFC0}.Release|Any CPU.ActiveCfg = Release|Any CPU
		{FC6A97DD-2D11-420B-814F-B5178D0BFFC0}.Release|Any CPU.Build.0 = Release|Any CPU
	EndGlobalSection
	GlobalSection(SolutionProperties) = preSolution
		HideSolutionNode = FALSE
	EndGlobalSection
	GlobalSection(NestedProjects) = preSolution
		{FB3AD167-DB20-4F12-863B-624220596FC1} = {87DD7933-45F6-4817-8568-19F3F0C9B8F7}
		{0A82157D-D644-4182-B7CB-E2BB8397F5BA} = {EC5658F1-95B8-4ECA-91DA-B357782BDDF0}
		{F32BB081-AE6A-4C2F-A1FD-DD9AF221AE68} = {FAB079CA-8953-4191-B1D4-6F503710B5EB}
		{7982FA36-1D7B-4D41-AD2D-6637F6704CA3} = {FAB079CA-8953-4191-B1D4-6F503710B5EB}
		{DF6ED687-B5C3-4BE2-9A19-2B4E99627C6F} = {FAB079CA-8953-4191-B1D4-6F503710B5EB}
		{E6DFF064-A91D-4712-A3BF-ED0086801AAC} = {FAB079CA-8953-4191-B1D4-6F503710B5EB}
		{62524AC7-74B5-499A-A997-07A0A3D6C378} = {FAB079CA-8953-4191-B1D4-6F503710B5EB}
		{D048F86B-DBC1-45C0-9545-84B5B24D660B} = {FAB079CA-8953-4191-B1D4-6F503710B5EB}
		{64660FD1-BFDC-426C-A83E-7ED6EFB7C131} = {FAB079CA-8953-4191-B1D4-6F503710B5EB}
		{6D69063F-802D-4160-B4DD-3D042F1AC44B} = {FAB079CA-8953-4191-B1D4-6F503710B5EB}
		{419EE702-A853-4DB4-A55A-C9602E414F10} = {FAB079CA-8953-4191-B1D4-6F503710B5EB}
		{7F63D1D6-5498-4247-86CA-023D070AF780} = {FAB079CA-8953-4191-B1D4-6F503710B5EB}
		{0D5AC954-44E7-4014-AB60-86DE84955E38} = {FAB079CA-8953-4191-B1D4-6F503710B5EB}
		{76D86660-F460-414B-8A9B-1859177232A1} = {FAB079CA-8953-4191-B1D4-6F503710B5EB}
		{9D660848-D4BE-4BA0-A16B-683BD51E01E2} = {87DD7933-45F6-4817-8568-19F3F0C9B8F7}
		{E06DFF5A-F8CD-479B-90F9-88C83916788D} = {FAB079CA-8953-4191-B1D4-6F503710B5EB}
		{FAB079CA-8953-4191-B1D4-6F503710B5EB} = {EC5658F1-95B8-4ECA-91DA-B357782BDDF0}
		{CEDAE1CD-5A2C-4D5E-A28B-66624BA949BA} = {F49512A0-D42B-4C37-9BEA-B2E0CC26A10F}
		{3611D20B-1D47-4DE8-A3A6-FCCEA04549A5} = {F49512A0-D42B-4C37-9BEA-B2E0CC26A10F}
	EndGlobalSection
	GlobalSection(ExtensibilityGlobals) = postSolution
		SolutionGuid = {6FE5B027-276C-4306-9579-28A087B08C0C}
	EndGlobalSection
EndGlobal
